
Microsoft Visual Studio Solution File, Format Version 12.00
# Visual Studio Version 17
VisualStudioVersion = 17.4.33122.133
MinimumVisualStudioVersion = 10.0.40219.1
Project("{8BC9CEB8-8B4A-11D0-8D11-00A0C91BC942}") = "Array for", "OOP\OOP.vcxproj", "{D9715E69-A9B2-4A9B-9C68-56A00FA98D4A}"
EndProject
Project("{8BC9CEB8-8B4A-11D0-8D11-00A0C91BC942}") = "lib", "lib\lib.vcxproj", "{792EA8A0-176B-4532-A244-92422B0788CE}"
EndProject
Project("{8BC9CEB8-8B4A-11D0-8D11-00A0C91BC942}") = "19_10 HT", "19_10 HT\19_10 HT.vcxproj", "{74DB523A-0036-4BEF-A4C5-55D4E8527391}"
EndProject
Project("{8BC9CEB8-8B4A-11D0-8D11-00A0C91BC942}") = "02_10 airplane_array", "02_10 airplane_array\02_10 airplane_array.vcxproj", "{301AAEF7-3D92-48CE-AA09-BB1CA48430C5}"
EndProject
Project("{8BC9CEB8-8B4A-11D0-8D11-00A0C91BC942}") = "Phone book", "Phone book\Phone book.vcxproj", "{6B205CB1-A7D1-4925-A9D7-A77EF398E65F}"
EndProject
Project("{8BC9CEB8-8B4A-11D0-8D11-00A0C91BC942}") = "Array for 26_10", "Array for 26_10\Array for 26_10.vcxproj", "{5D4029A6-3B12-4FAE-802F-E81F6B2D538B}"
EndProject
Project("{8BC9CEB8-8B4A-11D0-8D11-00A0C91BC942}") = "plane 30_10", "plane 30_10\plane 30_10.vcxproj", "{0591FB26-4597-4005-8EE9-8D8837690A23}"
EndProject
Project("{8BC9CEB8-8B4A-11D0-8D11-00A0C91BC942}") = "StackHT", "StackHT\StackHT.vcxproj", "{C1A38007-AFC5-4231-B98D-4A4F892883B8}"
EndProject
Project("{8BC9CEB8-8B4A-11D0-8D11-00A0C91BC942}") = "11_10HT", "11_10HT\11_10HT.vcxproj", "{88B16C12-DA52-4076-8F5D-8D38004C183E}"
EndProject
Project("{8BC9CEB8-8B4A-11D0-8D11-00A0C91BC942}") = "02_11HT", "02_11HT\02_11HT.vcxproj", "{950F4134-18D6-4A18-B0C8-1A2563404EE8}"
EndProject
Project("{8BC9CEB8-8B4A-11D0-8D11-00A0C91BC942}") = "linkedLists", "linkedLists\linkedLists.vcxproj", "{88C4CF1C-C5C4-456F-93A6-BBCBF4A9DDBE}"
EndProject
Project("{8BC9CEB8-8B4A-11D0-8D11-00A0C91BC942}") = "doubleLinkList", "doubleLinkList\doubleLinkList.vcxproj", "{C26ED4D1-549B-416C-95C4-3E22D42B09DC}"
EndProject
Project("{8BC9CEB8-8B4A-11D0-8D11-00A0C91BC942}") = "inheritance", "inheritance\inheritance.vcxproj", "{757D5DA2-D960-41A2-A168-8644A5C33FEB}"
EndProject
Project("{8BC9CEB8-8B4A-11D0-8D11-00A0C91BC942}") = "Animal", "Animal\Animal.vcxproj", "{1CB7D48F-F7BD-4961-B9D2-B324D57E5F35}"
EndProject
Project("{8BC9CEB8-8B4A-11D0-8D11-00A0C91BC942}") = "04_11 Points", "02_11 Date\02_11 Date.vcxproj", "{1560E9DE-C978-4E61-9186-017B4156B709}"
EndProject
Project("{8BC9CEB8-8B4A-11D0-8D11-00A0C91BC942}") = "06_11", "06_11\06_11.vcxproj", "{5212E794-6A1B-4715-A1D8-22FA9D85B347}"
EndProject
Global
	GlobalSection(SolutionConfigurationPlatforms) = preSolution
		Debug|x64 = Debug|x64
		Debug|x86 = Debug|x86
		Release|x64 = Release|x64
		Release|x86 = Release|x86
	EndGlobalSection
	GlobalSection(ProjectConfigurationPlatforms) = postSolution
		{D9715E69-A9B2-4A9B-9C68-56A00FA98D4A}.Debug|x64.ActiveCfg = Debug|x64
		{D9715E69-A9B2-4A9B-9C68-56A00FA98D4A}.Debug|x64.Build.0 = Debug|x64
		{D9715E69-A9B2-4A9B-9C68-56A00FA98D4A}.Debug|x86.ActiveCfg = Debug|Win32
		{D9715E69-A9B2-4A9B-9C68-56A00FA98D4A}.Debug|x86.Build.0 = Debug|Win32
		{D9715E69-A9B2-4A9B-9C68-56A00FA98D4A}.Release|x64.ActiveCfg = Release|x64
		{D9715E69-A9B2-4A9B-9C68-56A00FA98D4A}.Release|x64.Build.0 = Release|x64
		{D9715E69-A9B2-4A9B-9C68-56A00FA98D4A}.Release|x86.ActiveCfg = Release|Win32
		{D9715E69-A9B2-4A9B-9C68-56A00FA98D4A}.Release|x86.Build.0 = Release|Win32
		{792EA8A0-176B-4532-A244-92422B0788CE}.Debug|x64.ActiveCfg = Debug|x64
		{792EA8A0-176B-4532-A244-92422B0788CE}.Debug|x64.Build.0 = Debug|x64
		{792EA8A0-176B-4532-A244-92422B0788CE}.Debug|x86.ActiveCfg = Debug|Win32
		{792EA8A0-176B-4532-A244-92422B0788CE}.Debug|x86.Build.0 = Debug|Win32
		{792EA8A0-176B-4532-A244-92422B0788CE}.Release|x64.ActiveCfg = Release|x64
		{792EA8A0-176B-4532-A244-92422B0788CE}.Release|x64.Build.0 = Release|x64
		{792EA8A0-176B-4532-A244-92422B0788CE}.Release|x86.ActiveCfg = Release|Win32
		{792EA8A0-176B-4532-A244-92422B0788CE}.Release|x86.Build.0 = Release|Win32
		{74DB523A-0036-4BEF-A4C5-55D4E8527391}.Debug|x64.ActiveCfg = Debug|x64
		{74DB523A-0036-4BEF-A4C5-55D4E8527391}.Debug|x64.Build.0 = Debug|x64
		{74DB523A-0036-4BEF-A4C5-55D4E8527391}.Debug|x86.ActiveCfg = Debug|Win32
		{74DB523A-0036-4BEF-A4C5-55D4E8527391}.Debug|x86.Build.0 = Debug|Win32
		{74DB523A-0036-4BEF-A4C5-55D4E8527391}.Release|x64.ActiveCfg = Release|x64
		{74DB523A-0036-4BEF-A4C5-55D4E8527391}.Release|x64.Build.0 = Release|x64
		{74DB523A-0036-4BEF-A4C5-55D4E8527391}.Release|x86.ActiveCfg = Release|Win32
		{74DB523A-0036-4BEF-A4C5-55D4E8527391}.Release|x86.Build.0 = Release|Win32
		{301AAEF7-3D92-48CE-AA09-BB1CA48430C5}.Debug|x64.ActiveCfg = Debug|x64
		{301AAEF7-3D92-48CE-AA09-BB1CA48430C5}.Debug|x64.Build.0 = Debug|x64
		{301AAEF7-3D92-48CE-AA09-BB1CA48430C5}.Debug|x86.ActiveCfg = Debug|Win32
		{301AAEF7-3D92-48CE-AA09-BB1CA48430C5}.Debug|x86.Build.0 = Debug|Win32
		{301AAEF7-3D92-48CE-AA09-BB1CA48430C5}.Release|x64.ActiveCfg = Release|x64
		{301AAEF7-3D92-48CE-AA09-BB1CA48430C5}.Release|x64.Build.0 = Release|x64
		{301AAEF7-3D92-48CE-AA09-BB1CA48430C5}.Release|x86.ActiveCfg = Release|Win32
		{301AAEF7-3D92-48CE-AA09-BB1CA48430C5}.Release|x86.Build.0 = Release|Win32
		{6B205CB1-A7D1-4925-A9D7-A77EF398E65F}.Debug|x64.ActiveCfg = Debug|x64
		{6B205CB1-A7D1-4925-A9D7-A77EF398E65F}.Debug|x64.Build.0 = Debug|x64
		{6B205CB1-A7D1-4925-A9D7-A77EF398E65F}.Debug|x86.ActiveCfg = Debug|Win32
		{6B205CB1-A7D1-4925-A9D7-A77EF398E65F}.Debug|x86.Build.0 = Debug|Win32
		{6B205CB1-A7D1-4925-A9D7-A77EF398E65F}.Release|x64.ActiveCfg = Release|x64
		{6B205CB1-A7D1-4925-A9D7-A77EF398E65F}.Release|x64.Build.0 = Release|x64
		{6B205CB1-A7D1-4925-A9D7-A77EF398E65F}.Release|x86.ActiveCfg = Release|Win32
		{6B205CB1-A7D1-4925-A9D7-A77EF398E65F}.Release|x86.Build.0 = Release|Win32
		{5D4029A6-3B12-4FAE-802F-E81F6B2D538B}.Debug|x64.ActiveCfg = Debug|x64
		{5D4029A6-3B12-4FAE-802F-E81F6B2D538B}.Debug|x64.Build.0 = Debug|x64
		{5D4029A6-3B12-4FAE-802F-E81F6B2D538B}.Debug|x86.ActiveCfg = Debug|Win32
		{5D4029A6-3B12-4FAE-802F-E81F6B2D538B}.Debug|x86.Build.0 = Debug|Win32
		{5D4029A6-3B12-4FAE-802F-E81F6B2D538B}.Release|x64.ActiveCfg = Release|x64
		{5D4029A6-3B12-4FAE-802F-E81F6B2D538B}.Release|x64.Build.0 = Release|x64
		{5D4029A6-3B12-4FAE-802F-E81F6B2D538B}.Release|x86.ActiveCfg = Release|Win32
		{5D4029A6-3B12-4FAE-802F-E81F6B2D538B}.Release|x86.Build.0 = Release|Win32
		{0591FB26-4597-4005-8EE9-8D8837690A23}.Debug|x64.ActiveCfg = Debug|x64
		{0591FB26-4597-4005-8EE9-8D8837690A23}.Debug|x64.Build.0 = Debug|x64
		{0591FB26-4597-4005-8EE9-8D8837690A23}.Debug|x86.ActiveCfg = Debug|Win32
		{0591FB26-4597-4005-8EE9-8D8837690A23}.Debug|x86.Build.0 = Debug|Win32
		{0591FB26-4597-4005-8EE9-8D8837690A23}.Release|x64.ActiveCfg = Release|x64
		{0591FB26-4597-4005-8EE9-8D8837690A23}.Release|x64.Build.0 = Release|x64
		{0591FB26-4597-4005-8EE9-8D8837690A23}.Release|x86.ActiveCfg = Release|Win32
		{0591FB26-4597-4005-8EE9-8D8837690A23}.Release|x86.Build.0 = Release|Win32
		{C1A38007-AFC5-4231-B98D-4A4F892883B8}.Debug|x64.ActiveCfg = Debug|x64
		{C1A38007-AFC5-4231-B98D-4A4F892883B8}.Debug|x64.Build.0 = Debug|x64
		{C1A38007-AFC5-4231-B98D-4A4F892883B8}.Debug|x86.ActiveCfg = Debug|Win32
		{C1A38007-AFC5-4231-B98D-4A4F892883B8}.Debug|x86.Build.0 = Debug|Win32
		{C1A38007-AFC5-4231-B98D-4A4F892883B8}.Release|x64.ActiveCfg = Release|x64
		{C1A38007-AFC5-4231-B98D-4A4F892883B8}.Release|x64.Build.0 = Release|x64
		{C1A38007-AFC5-4231-B98D-4A4F892883B8}.Release|x86.ActiveCfg = Release|Win32
		{C1A38007-AFC5-4231-B98D-4A4F892883B8}.Release|x86.Build.0 = Release|Win32
		{88B16C12-DA52-4076-8F5D-8D38004C183E}.Debug|x64.ActiveCfg = Debug|x64
		{88B16C12-DA52-4076-8F5D-8D38004C183E}.Debug|x64.Build.0 = Debug|x64
		{88B16C12-DA52-4076-8F5D-8D38004C183E}.Debug|x86.ActiveCfg = Debug|Win32
		{88B16C12-DA52-4076-8F5D-8D38004C183E}.Debug|x86.Build.0 = Debug|Win32
		{88B16C12-DA52-4076-8F5D-8D38004C183E}.Release|x64.ActiveCfg = Release|x64
		{88B16C12-DA52-4076-8F5D-8D38004C183E}.Release|x64.Build.0 = Release|x64
		{88B16C12-DA52-4076-8F5D-8D38004C183E}.Release|x86.ActiveCfg = Release|Win32
		{88B16C12-DA52-4076-8F5D-8D38004C183E}.Release|x86.Build.0 = Release|Win32
		{950F4134-18D6-4A18-B0C8-1A2563404EE8}.Debug|x64.ActiveCfg = Debug|x64
		{950F4134-18D6-4A18-B0C8-1A2563404EE8}.Debug|x64.Build.0 = Debug|x64
		{950F4134-18D6-4A18-B0C8-1A2563404EE8}.Debug|x86.ActiveCfg = Debug|Win32
		{950F4134-18D6-4A18-B0C8-1A2563404EE8}.Debug|x86.Build.0 = Debug|Win32
		{950F4134-18D6-4A18-B0C8-1A2563404EE8}.Release|x64.ActiveCfg = Release|x64
		{950F4134-18D6-4A18-B0C8-1A2563404EE8}.Release|x64.Build.0 = Release|x64
		{950F4134-18D6-4A18-B0C8-1A2563404EE8}.Release|x86.ActiveCfg = Release|Win32
		{950F4134-18D6-4A18-B0C8-1A2563404EE8}.Release|x86.Build.0 = Release|Win32
		{88C4CF1C-C5C4-456F-93A6-BBCBF4A9DDBE}.Debug|x64.ActiveCfg = Debug|x64
		{88C4CF1C-C5C4-456F-93A6-BBCBF4A9DDBE}.Debug|x64.Build.0 = Debug|x64
		{88C4CF1C-C5C4-456F-93A6-BBCBF4A9DDBE}.Debug|x86.ActiveCfg = Debug|Win32
		{88C4CF1C-C5C4-456F-93A6-BBCBF4A9DDBE}.Debug|x86.Build.0 = Debug|Win32
		{88C4CF1C-C5C4-456F-93A6-BBCBF4A9DDBE}.Release|x64.ActiveCfg = Release|x64
		{88C4CF1C-C5C4-456F-93A6-BBCBF4A9DDBE}.Release|x64.Build.0 = Release|x64
		{88C4CF1C-C5C4-456F-93A6-BBCBF4A9DDBE}.Release|x86.ActiveCfg = Release|Win32
		{88C4CF1C-C5C4-456F-93A6-BBCBF4A9DDBE}.Release|x86.Build.0 = Release|Win32
		{C26ED4D1-549B-416C-95C4-3E22D42B09DC}.Debug|x64.ActiveCfg = Debug|x64
		{C26ED4D1-549B-416C-95C4-3E22D42B09DC}.Debug|x64.Build.0 = Debug|x64
		{C26ED4D1-549B-416C-95C4-3E22D42B09DC}.Debug|x86.ActiveCfg = Debug|Win32
		{C26ED4D1-549B-416C-95C4-3E22D42B09DC}.Debug|x86.Build.0 = Debug|Win32
		{C26ED4D1-549B-416C-95C4-3E22D42B09DC}.Release|x64.ActiveCfg = Release|x64
		{C26ED4D1-549B-416C-95C4-3E22D42B09DC}.Release|x64.Build.0 = Release|x64
		{C26ED4D1-549B-416C-95C4-3E22D42B09DC}.Release|x86.ActiveCfg = Release|Win32
		{C26ED4D1-549B-416C-95C4-3E22D42B09DC}.Release|x86.Build.0 = Release|Win32
		{757D5DA2-D960-41A2-A168-8644A5C33FEB}.Debug|x64.ActiveCfg = Debug|x64
		{757D5DA2-D960-41A2-A168-8644A5C33FEB}.Debug|x64.Build.0 = Debug|x64
		{757D5DA2-D960-41A2-A168-8644A5C33FEB}.Debug|x86.ActiveCfg = Debug|Win32
		{757D5DA2-D960-41A2-A168-8644A5C33FEB}.Debug|x86.Build.0 = Debug|Win32
		{757D5DA2-D960-41A2-A168-8644A5C33FEB}.Release|x64.ActiveCfg = Release|x64
		{757D5DA2-D960-41A2-A168-8644A5C33FEB}.Release|x64.Build.0 = Release|x64
		{757D5DA2-D960-41A2-A168-8644A5C33FEB}.Release|x86.ActiveCfg = Release|Win32
		{757D5DA2-D960-41A2-A168-8644A5C33FEB}.Release|x86.Build.0 = Release|Win32
		{1CB7D48F-F7BD-4961-B9D2-B324D57E5F35}.Debug|x64.ActiveCfg = Debug|x64
		{1CB7D48F-F7BD-4961-B9D2-B324D57E5F35}.Debug|x64.Build.0 = Debug|x64
		{1CB7D48F-F7BD-4961-B9D2-B324D57E5F35}.Debug|x86.ActiveCfg = Debug|Win32
		{1CB7D48F-F7BD-4961-B9D2-B324D57E5F35}.Debug|x86.Build.0 = Debug|Win32
		{1CB7D48F-F7BD-4961-B9D2-B324D57E5F35}.Release|x64.ActiveCfg = Release|x64
		{1CB7D48F-F7BD-4961-B9D2-B324D57E5F35}.Release|x64.Build.0 = Release|x64
		{1CB7D48F-F7BD-4961-B9D2-B324D57E5F35}.Release|x86.ActiveCfg = Release|Win32
		{1CB7D48F-F7BD-4961-B9D2-B324D57E5F35}.Release|x86.Build.0 = Release|Win32
		{1560E9DE-C978-4E61-9186-017B4156B709}.Debug|x64.ActiveCfg = Debug|x64
		{1560E9DE-C978-4E61-9186-017B4156B709}.Debug|x64.Build.0 = Debug|x64
		{1560E9DE-C978-4E61-9186-017B4156B709}.Debug|x86.ActiveCfg = Debug|Win32
		{1560E9DE-C978-4E61-9186-017B4156B709}.Debug|x86.Build.0 = Debug|Win32
		{1560E9DE-C978-4E61-9186-017B4156B709}.Release|x64.ActiveCfg = Release|x64
		{1560E9DE-C978-4E61-9186-017B4156B709}.Release|x64.Build.0 = Release|x64
		{1560E9DE-C978-4E61-9186-017B4156B709}.Release|x86.ActiveCfg = Release|Win32
		{1560E9DE-C978-4E61-9186-017B4156B709}.Release|x86.Build.0 = Release|Win32
		{5212E794-6A1B-4715-A1D8-22FA9D85B347}.Debug|x64.ActiveCfg = Debug|x64
		{5212E794-6A1B-4715-A1D8-22FA9D85B347}.Debug|x64.Build.0 = Debug|x64
		{5212E794-6A1B-4715-A1D8-22FA9D85B347}.Debug|x86.ActiveCfg = Debug|Win32
		{5212E794-6A1B-4715-A1D8-22FA9D85B347}.Debug|x86.Build.0 = Debug|Win32
		{5212E794-6A1B-4715-A1D8-22FA9D85B347}.Release|x64.ActiveCfg = Release|x64
		{5212E794-6A1B-4715-A1D8-22FA9D85B347}.Release|x64.Build.0 = Release|x64
		{5212E794-6A1B-4715-A1D8-22FA9D85B347}.Release|x86.ActiveCfg = Release|Win32
		{5212E794-6A1B-4715-A1D8-22FA9D85B347}.Release|x86.Build.0 = Release|Win32
	EndGlobalSection
	GlobalSection(SolutionProperties) = preSolution
		HideSolutionNode = FALSE
	EndGlobalSection
	GlobalSection(ExtensibilityGlobals) = postSolution
		SolutionGuid = {1AD7DF7E-5DF9-4798-8EC0-2600F227BD8A}
	EndGlobalSection
EndGlobal
